
Microsoft Visual Studio Solution File, Format Version 12.00
# Visual Studio Version 16
VisualStudioVersion = 16.0.32901.82
MinimumVisualStudioVersion = 10.0.40219.1
Project("{FAE04EC0-301F-11D3-BF4B-00C04F79EFBC}") = "Számológép", "Számológép\Számológép.csproj", "{7AB4C003-5730-472E-8610-6626753F0197}"
EndProject
Global
	GlobalSection(SolutionConfigurationPlatforms) = preSolution
		Debug|Any CPU = Debug|Any CPU
		Release|Any CPU = Release|Any CPU
	EndGlobalSection
	GlobalSection(ProjectConfigurationPlatforms) = postSolution
		{7AB4C003-5730-472E-8610-6626753F0197}.Debug|Any CPU.ActiveCfg = Debug|Any CPU
		{7AB4C003-5730-472E-8610-6626753F0197}.Debug|Any CPU.Build.0 = Debug|Any CPU
		{7AB4C003-5730-472E-8610-6626753F0197}.Release|Any CPU.ActiveCfg = Release|Any CPU
		{7AB4C003-5730-472E-8610-6626753F0197}.Release|Any CPU.Build.0 = Release|Any CPU
	EndGlobalSection
	GlobalSection(SolutionProperties) = preSolution
		HideSolutionNode = FALSE
	EndGlobalSection
	GlobalSection(ExtensibilityGlobals) = postSolution
		SolutionGuid = {A805D090-5D7A-41CB-9FCE-692B79004979}
	EndGlobalSection
EndGlobal
